// !$*UTF8*$!
{
	archiveVersion = 1;
	classes = {
	};
	objectVersion = 50;
	objects = {

/* Begin PBXBuildFile section */
		2518391E20B1E10F006B6789 /* TableExampleViewController.swift in Sources */ = {isa = PBXBuildFile; fileRef = 2518391D20B1E10F006B6789 /* TableExampleViewController.swift */; };
		2518392020B1E2F8006B6789 /* CustomTableViewCell.swift in Sources */ = {isa = PBXBuildFile; fileRef = 2518391F20B1E2F8006B6789 /* CustomTableViewCell.swift */; };
		2521286120B752A3007FAB53 /* AppButton.swift in Sources */ = {isa = PBXBuildFile; fileRef = 2521286020B752A3007FAB53 /* AppButton.swift */; };
		2521286320B77243007FAB53 /* AppProgressView.swift in Sources */ = {isa = PBXBuildFile; fileRef = 2521286220B77243007FAB53 /* AppProgressView.swift */; };
		2537FC9720B6065900D687A2 /* Challenges.storyboard in Resources */ = {isa = PBXBuildFile; fileRef = 2537FC9620B6065900D687A2 /* Challenges.storyboard */; };
		2537FC9920B6071E00D687A2 /* ConnexionViewController.swift in Sources */ = {isa = PBXBuildFile; fileRef = 2537FC9820B6071E00D687A2 /* ConnexionViewController.swift */; };
		2537FC9B20B608D900D687A2 /* ChallengesListViewController.swift in Sources */ = {isa = PBXBuildFile; fileRef = 2537FC9A20B608D900D687A2 /* ChallengesListViewController.swift */; };
		254CBB4620AE2F4300047F1B /* MoviesTableViewController.swift in Sources */ = {isa = PBXBuildFile; fileRef = 254CBB4520AE2F4300047F1B /* MoviesTableViewController.swift */; };
		254CBB4820AE33A600047F1B /* MoviesTableViewCell.swift in Sources */ = {isa = PBXBuildFile; fileRef = 254CBB4720AE33A600047F1B /* MoviesTableViewCell.swift */; };
		259C87AF20AD72320036C2AD /* AppDelegate.swift in Sources */ = {isa = PBXBuildFile; fileRef = 259C87AE20AD72320036C2AD /* AppDelegate.swift */; };
		259C87B120AD72320036C2AD /* ViewController.swift in Sources */ = {isa = PBXBuildFile; fileRef = 259C87B020AD72320036C2AD /* ViewController.swift */; };
		259C87B420AD72320036C2AD /* Main.storyboard in Resources */ = {isa = PBXBuildFile; fileRef = 259C87B220AD72320036C2AD /* Main.storyboard */; };
		259C87B620AD72330036C2AD /* Assets.xcassets in Resources */ = {isa = PBXBuildFile; fileRef = 259C87B520AD72330036C2AD /* Assets.xcassets */; };
		259C87B920AD72330036C2AD /* LaunchScreen.storyboard in Resources */ = {isa = PBXBuildFile; fileRef = 259C87B720AD72330036C2AD /* LaunchScreen.storyboard */; };
		259C87C420AD72330036C2AD /* AppHeti_cTests.swift in Sources */ = {isa = PBXBuildFile; fileRef = 259C87C320AD72330036C2AD /* AppHeti_cTests.swift */; };
		259C87CF20AD72340036C2AD /* AppHeti_cUITests.swift in Sources */ = {isa = PBXBuildFile; fileRef = 259C87CE20AD72330036C2AD /* AppHeti_cUITests.swift */; };
		259C881720AD8E2A0036C2AD /* HomeViewController.swift in Sources */ = {isa = PBXBuildFile; fileRef = 259C881620AD8E2A0036C2AD /* HomeViewController.swift */; };
		25B00CB120AE402400058742 /* NextViewController.swift in Sources */ = {isa = PBXBuildFile; fileRef = 25B00CB020AE402400058742 /* NextViewController.swift */; };
		25B05A4C20B4B83C0091BA1B /* AnimationViewController.swift in Sources */ = {isa = PBXBuildFile; fileRef = 25B05A4B20B4B83C0091BA1B /* AnimationViewController.swift */; };
		25B05A4F20B4BA500091BA1B /* StickyHeaderLayout.swift in Sources */ = {isa = PBXBuildFile; fileRef = 25B05A4E20B4BA500091BA1B /* StickyHeaderLayout.swift */; };
		25B05A5320B4D2440091BA1B /* CustomHeaderView.swift in Sources */ = {isa = PBXBuildFile; fileRef = 25B05A5220B4D2440091BA1B /* CustomHeaderView.swift */; };
		25CFB47620B06DE7009D96CB /* OnBoardViewController.swift in Sources */ = {isa = PBXBuildFile; fileRef = 25CFB47520B06DE7009D96CB /* OnBoardViewController.swift */; };
		41A2857EBC280127AB9075EF /* Pods_AppHeti_cTests.framework in Frameworks */ = {isa = PBXBuildFile; fileRef = D9CBECA80E5868E29E64DEC1 /* Pods_AppHeti_cTests.framework */; };
		6AE39D53D4E45465732C3B97 /* Pods_AppHeti_c.framework in Frameworks */ = {isa = PBXBuildFile; fileRef = EBE737F5B2F6E3008C20E0E7 /* Pods_AppHeti_c.framework */; };
		AEB1917AFAB37C9A0116FEDC /* Pods_AppHeti_cUITests.framework in Frameworks */ = {isa = PBXBuildFile; fileRef = 83CD8D90CC668DB1801CC33D /* Pods_AppHeti_cUITests.framework */; };
/* End PBXBuildFile section */

/* Begin PBXContainerItemProxy section */
		259C87C020AD72330036C2AD /* PBXContainerItemProxy */ = {
			isa = PBXContainerItemProxy;
			containerPortal = 259C87A320AD72320036C2AD /* Project object */;
			proxyType = 1;
			remoteGlobalIDString = 259C87AA20AD72320036C2AD;
			remoteInfo = "AppHeti-c";
		};
		259C87CB20AD72330036C2AD /* PBXContainerItemProxy */ = {
			isa = PBXContainerItemProxy;
			containerPortal = 259C87A320AD72320036C2AD /* Project object */;
			proxyType = 1;
			remoteGlobalIDString = 259C87AA20AD72320036C2AD;
			remoteInfo = "AppHeti-c";
		};
/* End PBXContainerItemProxy section */

/* Begin PBXFileReference section */
		2518391D20B1E10F006B6789 /* TableExampleViewController.swift */ = {isa = PBXFileReference; lastKnownFileType = sourcecode.swift; path = TableExampleViewController.swift; sourceTree = "<group>"; };
		2518391F20B1E2F8006B6789 /* CustomTableViewCell.swift */ = {isa = PBXFileReference; lastKnownFileType = sourcecode.swift; path = CustomTableViewCell.swift; sourceTree = "<group>"; };
		2521286020B752A3007FAB53 /* AppButton.swift */ = {isa = PBXFileReference; lastKnownFileType = sourcecode.swift; path = AppButton.swift; sourceTree = "<group>"; };
		2521286220B77243007FAB53 /* AppProgressView.swift */ = {isa = PBXFileReference; lastKnownFileType = sourcecode.swift; path = AppProgressView.swift; sourceTree = "<group>"; };
		2537FC9620B6065900D687A2 /* Challenges.storyboard */ = {isa = PBXFileReference; lastKnownFileType = file.storyboard; path = Challenges.storyboard; sourceTree = "<group>"; };
		2537FC9820B6071E00D687A2 /* ConnexionViewController.swift */ = {isa = PBXFileReference; lastKnownFileType = sourcecode.swift; path = ConnexionViewController.swift; sourceTree = "<group>"; };
		2537FC9A20B608D900D687A2 /* ChallengesListViewController.swift */ = {isa = PBXFileReference; lastKnownFileType = sourcecode.swift; path = ChallengesListViewController.swift; sourceTree = "<group>"; };
		254CBB4520AE2F4300047F1B /* MoviesTableViewController.swift */ = {isa = PBXFileReference; lastKnownFileType = sourcecode.swift; path = MoviesTableViewController.swift; sourceTree = "<group>"; };
		254CBB4720AE33A600047F1B /* MoviesTableViewCell.swift */ = {isa = PBXFileReference; lastKnownFileType = sourcecode.swift; path = MoviesTableViewCell.swift; sourceTree = "<group>"; };
		259C87AB20AD72320036C2AD /* AppHeti-c.app */ = {isa = PBXFileReference; explicitFileType = wrapper.application; includeInIndex = 0; path = "AppHeti-c.app"; sourceTree = BUILT_PRODUCTS_DIR; };
		259C87AE20AD72320036C2AD /* AppDelegate.swift */ = {isa = PBXFileReference; lastKnownFileType = sourcecode.swift; path = AppDelegate.swift; sourceTree = "<group>"; };
		259C87B020AD72320036C2AD /* ViewController.swift */ = {isa = PBXFileReference; lastKnownFileType = sourcecode.swift; path = ViewController.swift; sourceTree = "<group>"; };
		259C87B320AD72320036C2AD /* Base */ = {isa = PBXFileReference; lastKnownFileType = file.storyboard; name = Base; path = Base.lproj/Main.storyboard; sourceTree = "<group>"; };
		259C87B520AD72330036C2AD /* Assets.xcassets */ = {isa = PBXFileReference; lastKnownFileType = folder.assetcatalog; path = Assets.xcassets; sourceTree = "<group>"; };
		259C87B820AD72330036C2AD /* Base */ = {isa = PBXFileReference; lastKnownFileType = file.storyboard; name = Base; path = Base.lproj/LaunchScreen.storyboard; sourceTree = "<group>"; };
		259C87BA20AD72330036C2AD /* Info.plist */ = {isa = PBXFileReference; lastKnownFileType = text.plist.xml; path = Info.plist; sourceTree = "<group>"; };
		259C87BF20AD72330036C2AD /* AppHeti-cTests.xctest */ = {isa = PBXFileReference; explicitFileType = wrapper.cfbundle; includeInIndex = 0; path = "AppHeti-cTests.xctest"; sourceTree = BUILT_PRODUCTS_DIR; };
		259C87C320AD72330036C2AD /* AppHeti_cTests.swift */ = {isa = PBXFileReference; lastKnownFileType = sourcecode.swift; path = AppHeti_cTests.swift; sourceTree = "<group>"; };
		259C87C520AD72330036C2AD /* Info.plist */ = {isa = PBXFileReference; lastKnownFileType = text.plist.xml; path = Info.plist; sourceTree = "<group>"; };
		259C87CA20AD72330036C2AD /* AppHeti-cUITests.xctest */ = {isa = PBXFileReference; explicitFileType = wrapper.cfbundle; includeInIndex = 0; path = "AppHeti-cUITests.xctest"; sourceTree = BUILT_PRODUCTS_DIR; };
		259C87CE20AD72330036C2AD /* AppHeti_cUITests.swift */ = {isa = PBXFileReference; lastKnownFileType = sourcecode.swift; path = AppHeti_cUITests.swift; sourceTree = "<group>"; };
		259C87D020AD72340036C2AD /* Info.plist */ = {isa = PBXFileReference; lastKnownFileType = text.plist.xml; path = Info.plist; sourceTree = "<group>"; };
		259C881620AD8E2A0036C2AD /* HomeViewController.swift */ = {isa = PBXFileReference; lastKnownFileType = sourcecode.swift; path = HomeViewController.swift; sourceTree = "<group>"; };
		25B00CB020AE402400058742 /* NextViewController.swift */ = {isa = PBXFileReference; lastKnownFileType = sourcecode.swift; path = NextViewController.swift; sourceTree = "<group>"; };
		25B05A4B20B4B83C0091BA1B /* AnimationViewController.swift */ = {isa = PBXFileReference; lastKnownFileType = sourcecode.swift; path = AnimationViewController.swift; sourceTree = "<group>"; };
		25B05A4E20B4BA500091BA1B /* StickyHeaderLayout.swift */ = {isa = PBXFileReference; lastKnownFileType = sourcecode.swift; path = StickyHeaderLayout.swift; sourceTree = "<group>"; };
		25B05A5220B4D2440091BA1B /* CustomHeaderView.swift */ = {isa = PBXFileReference; lastKnownFileType = sourcecode.swift; path = CustomHeaderView.swift; sourceTree = "<group>"; };
		25CFB47520B06DE7009D96CB /* OnBoardViewController.swift */ = {isa = PBXFileReference; lastKnownFileType = sourcecode.swift; path = OnBoardViewController.swift; sourceTree = "<group>"; };
		35D1871DFCA4FBE24B116F1A /* Pods-AppHeti-c.release.xcconfig */ = {isa = PBXFileReference; includeInIndex = 1; lastKnownFileType = text.xcconfig; name = "Pods-AppHeti-c.release.xcconfig"; path = "Pods/Target Support Files/Pods-AppHeti-c/Pods-AppHeti-c.release.xcconfig"; sourceTree = "<group>"; };
		677BA79CE6585485CD217AE9 /* Pods-AppHeti-cUITests.release.xcconfig */ = {isa = PBXFileReference; includeInIndex = 1; lastKnownFileType = text.xcconfig; name = "Pods-AppHeti-cUITests.release.xcconfig"; path = "Pods/Target Support Files/Pods-AppHeti-cUITests/Pods-AppHeti-cUITests.release.xcconfig"; sourceTree = "<group>"; };
		83CD8D90CC668DB1801CC33D /* Pods_AppHeti_cUITests.framework */ = {isa = PBXFileReference; explicitFileType = wrapper.framework; includeInIndex = 0; path = Pods_AppHeti_cUITests.framework; sourceTree = BUILT_PRODUCTS_DIR; };
		A56DACDC4D0C5CA57BF89AAD /* Pods-AppHeti-cTests.debug.xcconfig */ = {isa = PBXFileReference; includeInIndex = 1; lastKnownFileType = text.xcconfig; name = "Pods-AppHeti-cTests.debug.xcconfig"; path = "Pods/Target Support Files/Pods-AppHeti-cTests/Pods-AppHeti-cTests.debug.xcconfig"; sourceTree = "<group>"; };
		D09F5CEA9A1A7F0A50855C20 /* Pods-AppHeti-cUITests.debug.xcconfig */ = {isa = PBXFileReference; includeInIndex = 1; lastKnownFileType = text.xcconfig; name = "Pods-AppHeti-cUITests.debug.xcconfig"; path = "Pods/Target Support Files/Pods-AppHeti-cUITests/Pods-AppHeti-cUITests.debug.xcconfig"; sourceTree = "<group>"; };
		D9CBECA80E5868E29E64DEC1 /* Pods_AppHeti_cTests.framework */ = {isa = PBXFileReference; explicitFileType = wrapper.framework; includeInIndex = 0; path = Pods_AppHeti_cTests.framework; sourceTree = BUILT_PRODUCTS_DIR; };
		E36A3076090888432793AC50 /* Pods-AppHeti-c.debug.xcconfig */ = {isa = PBXFileReference; includeInIndex = 1; lastKnownFileType = text.xcconfig; name = "Pods-AppHeti-c.debug.xcconfig"; path = "Pods/Target Support Files/Pods-AppHeti-c/Pods-AppHeti-c.debug.xcconfig"; sourceTree = "<group>"; };
		EBE737F5B2F6E3008C20E0E7 /* Pods_AppHeti_c.framework */ = {isa = PBXFileReference; explicitFileType = wrapper.framework; includeInIndex = 0; path = Pods_AppHeti_c.framework; sourceTree = BUILT_PRODUCTS_DIR; };
		F14B759721C497CC2440F2F4 /* Pods-AppHeti-cTests.release.xcconfig */ = {isa = PBXFileReference; includeInIndex = 1; lastKnownFileType = text.xcconfig; name = "Pods-AppHeti-cTests.release.xcconfig"; path = "Pods/Target Support Files/Pods-AppHeti-cTests/Pods-AppHeti-cTests.release.xcconfig"; sourceTree = "<group>"; };
/* End PBXFileReference section */

/* Begin PBXFrameworksBuildPhase section */
		259C87A820AD72320036C2AD /* Frameworks */ = {
			isa = PBXFrameworksBuildPhase;
			buildActionMask = 2147483647;
			files = (
				6AE39D53D4E45465732C3B97 /* Pods_AppHeti_c.framework in Frameworks */,
			);
			runOnlyForDeploymentPostprocessing = 0;
		};
		259C87BC20AD72330036C2AD /* Frameworks */ = {
			isa = PBXFrameworksBuildPhase;
			buildActionMask = 2147483647;
			files = (
				41A2857EBC280127AB9075EF /* Pods_AppHeti_cTests.framework in Frameworks */,
			);
			runOnlyForDeploymentPostprocessing = 0;
		};
		259C87C720AD72330036C2AD /* Frameworks */ = {
			isa = PBXFrameworksBuildPhase;
			buildActionMask = 2147483647;
			files = (
				AEB1917AFAB37C9A0116FEDC /* Pods_AppHeti_cUITests.framework in Frameworks */,
			);
			runOnlyForDeploymentPostprocessing = 0;
		};
/* End PBXFrameworksBuildPhase section */

/* Begin PBXGroup section */
		259C87A220AD72320036C2AD = {
			isa = PBXGroup;
			children = (
				259C87AD20AD72320036C2AD /* AppHeti-c */,
				259C87C220AD72330036C2AD /* AppHeti-cTests */,
				259C87CD20AD72330036C2AD /* AppHeti-cUITests */,
				259C87AC20AD72320036C2AD /* Products */,
				9F312157096A5DC48EB68795 /* Pods */,
				9B5FBD389FAD25094BC44ACF /* Frameworks */,
			);
			sourceTree = "<group>";
		};
		259C87AC20AD72320036C2AD /* Products */ = {
			isa = PBXGroup;
			children = (
				259C87AB20AD72320036C2AD /* AppHeti-c.app */,
				259C87BF20AD72330036C2AD /* AppHeti-cTests.xctest */,
				259C87CA20AD72330036C2AD /* AppHeti-cUITests.xctest */,
			);
			name = Products;
			sourceTree = "<group>";
		};
		259C87AD20AD72320036C2AD /* AppHeti-c */ = {
			isa = PBXGroup;
			children = (
				25B05A4D20B4BA330091BA1B /* layouts */,
				259C87AE20AD72320036C2AD /* AppDelegate.swift */,
				259C87B020AD72320036C2AD /* ViewController.swift */,
				259C87B220AD72320036C2AD /* Main.storyboard */,
				25B05A4B20B4B83C0091BA1B /* AnimationViewController.swift */,
				259C87B520AD72330036C2AD /* Assets.xcassets */,
				259C87B720AD72330036C2AD /* LaunchScreen.storyboard */,
				259C87BA20AD72330036C2AD /* Info.plist */,
				259C881620AD8E2A0036C2AD /* HomeViewController.swift */,
				254CBB4520AE2F4300047F1B /* MoviesTableViewController.swift */,
				254CBB4720AE33A600047F1B /* MoviesTableViewCell.swift */,
				25B00CB020AE402400058742 /* NextViewController.swift */,
				25CFB47520B06DE7009D96CB /* OnBoardViewController.swift */,
				2518391D20B1E10F006B6789 /* TableExampleViewController.swift */,
				2518391F20B1E2F8006B6789 /* CustomTableViewCell.swift */,
				25B05A5220B4D2440091BA1B /* CustomHeaderView.swift */,
				2537FC9620B6065900D687A2 /* Challenges.storyboard */,
				2537FC9820B6071E00D687A2 /* ConnexionViewController.swift */,
				2537FC9A20B608D900D687A2 /* ChallengesListViewController.swift */,
			);
			path = "AppHeti-c";
			sourceTree = "<group>";
		};
		259C87C220AD72330036C2AD /* AppHeti-cTests */ = {
			isa = PBXGroup;
			children = (
				259C87C320AD72330036C2AD /* AppHeti_cTests.swift */,
				259C87C520AD72330036C2AD /* Info.plist */,
			);
			path = "AppHeti-cTests";
			sourceTree = "<group>";
		};
		259C87CD20AD72330036C2AD /* AppHeti-cUITests */ = {
			isa = PBXGroup;
			children = (
				259C87CE20AD72330036C2AD /* AppHeti_cUITests.swift */,
				259C87D020AD72340036C2AD /* Info.plist */,
			);
			path = "AppHeti-cUITests";
			sourceTree = "<group>";
		};
		25B05A4D20B4BA330091BA1B /* layouts */ = {
			isa = PBXGroup;
			children = (
				25B05A4E20B4BA500091BA1B /* StickyHeaderLayout.swift */,
				2521286020B752A3007FAB53 /* AppButton.swift */,
				2521286220B77243007FAB53 /* AppProgressView.swift */,
			);
			path = layouts;
			sourceTree = "<group>";
		};
		9B5FBD389FAD25094BC44ACF /* Frameworks */ = {
			isa = PBXGroup;
			children = (
				EBE737F5B2F6E3008C20E0E7 /* Pods_AppHeti_c.framework */,
				D9CBECA80E5868E29E64DEC1 /* Pods_AppHeti_cTests.framework */,
				83CD8D90CC668DB1801CC33D /* Pods_AppHeti_cUITests.framework */,
			);
			name = Frameworks;
			sourceTree = "<group>";
		};
		9F312157096A5DC48EB68795 /* Pods */ = {
			isa = PBXGroup;
			children = (
				E36A3076090888432793AC50 /* Pods-AppHeti-c.debug.xcconfig */,
				35D1871DFCA4FBE24B116F1A /* Pods-AppHeti-c.release.xcconfig */,
				A56DACDC4D0C5CA57BF89AAD /* Pods-AppHeti-cTests.debug.xcconfig */,
				F14B759721C497CC2440F2F4 /* Pods-AppHeti-cTests.release.xcconfig */,
				D09F5CEA9A1A7F0A50855C20 /* Pods-AppHeti-cUITests.debug.xcconfig */,
				677BA79CE6585485CD217AE9 /* Pods-AppHeti-cUITests.release.xcconfig */,
			);
			name = Pods;
			sourceTree = "<group>";
		};
/* End PBXGroup section */

/* Begin PBXNativeTarget section */
		259C87AA20AD72320036C2AD /* AppHeti-c */ = {
			isa = PBXNativeTarget;
			buildConfigurationList = 259C87D320AD72340036C2AD /* Build configuration list for PBXNativeTarget "AppHeti-c" */;
			buildPhases = (
				66E5A25E7340684218F46914 /* [CP] Check Pods Manifest.lock */,
				259C87A720AD72320036C2AD /* Sources */,
				259C87A820AD72320036C2AD /* Frameworks */,
				259C87A920AD72320036C2AD /* Resources */,
				C84925575F536D284138D3C7 /* [CP] Embed Pods Frameworks */,
			);
			buildRules = (
			);
			dependencies = (
			);
			name = "AppHeti-c";
			productName = "AppHeti-c";
			productReference = 259C87AB20AD72320036C2AD /* AppHeti-c.app */;
			productType = "com.apple.product-type.application";
		};
		259C87BE20AD72330036C2AD /* AppHeti-cTests */ = {
			isa = PBXNativeTarget;
			buildConfigurationList = 259C87D620AD72340036C2AD /* Build configuration list for PBXNativeTarget "AppHeti-cTests" */;
			buildPhases = (
				BA2371A84EFE0EF818F1DE6E /* [CP] Check Pods Manifest.lock */,
				259C87BB20AD72330036C2AD /* Sources */,
				259C87BC20AD72330036C2AD /* Frameworks */,
				259C87BD20AD72330036C2AD /* Resources */,
			);
			buildRules = (
			);
			dependencies = (
				259C87C120AD72330036C2AD /* PBXTargetDependency */,
			);
			name = "AppHeti-cTests";
			productName = "AppHeti-cTests";
			productReference = 259C87BF20AD72330036C2AD /* AppHeti-cTests.xctest */;
			productType = "com.apple.product-type.bundle.unit-test";
		};
		259C87C920AD72330036C2AD /* AppHeti-cUITests */ = {
			isa = PBXNativeTarget;
			buildConfigurationList = 259C87D920AD72340036C2AD /* Build configuration list for PBXNativeTarget "AppHeti-cUITests" */;
			buildPhases = (
				23145FA92C71EE5048EEF9A8 /* [CP] Check Pods Manifest.lock */,
				259C87C620AD72330036C2AD /* Sources */,
				259C87C720AD72330036C2AD /* Frameworks */,
				259C87C820AD72330036C2AD /* Resources */,
			);
			buildRules = (
			);
			dependencies = (
				259C87CC20AD72330036C2AD /* PBXTargetDependency */,
			);
			name = "AppHeti-cUITests";
			productName = "AppHeti-cUITests";
			productReference = 259C87CA20AD72330036C2AD /* AppHeti-cUITests.xctest */;
			productType = "com.apple.product-type.bundle.ui-testing";
		};
/* End PBXNativeTarget section */

/* Begin PBXProject section */
		259C87A320AD72320036C2AD /* Project object */ = {
			isa = PBXProject;
			attributes = {
				LastSwiftUpdateCheck = 0930;
				LastUpgradeCheck = 0930;
				ORGANIZATIONNAME = "Renan Bronchart";
				TargetAttributes = {
					259C87AA20AD72320036C2AD = {
						CreatedOnToolsVersion = 9.3.1;
					};
					259C87BE20AD72330036C2AD = {
						CreatedOnToolsVersion = 9.3.1;
						TestTargetID = 259C87AA20AD72320036C2AD;
					};
					259C87C920AD72330036C2AD = {
						CreatedOnToolsVersion = 9.3.1;
						TestTargetID = 259C87AA20AD72320036C2AD;
					};
				};
			};
			buildConfigurationList = 259C87A620AD72320036C2AD /* Build configuration list for PBXProject "AppHeti-c" */;
			compatibilityVersion = "Xcode 9.3";
			developmentRegion = en;
			hasScannedForEncodings = 0;
			knownRegions = (
				en,
				Base,
			);
			mainGroup = 259C87A220AD72320036C2AD;
			productRefGroup = 259C87AC20AD72320036C2AD /* Products */;
			projectDirPath = "";
			projectRoot = "";
			targets = (
				259C87AA20AD72320036C2AD /* AppHeti-c */,
				259C87BE20AD72330036C2AD /* AppHeti-cTests */,
				259C87C920AD72330036C2AD /* AppHeti-cUITests */,
			);
		};
/* End PBXProject section */

/* Begin PBXResourcesBuildPhase section */
		259C87A920AD72320036C2AD /* Resources */ = {
			isa = PBXResourcesBuildPhase;
			buildActionMask = 2147483647;
			files = (
				2537FC9720B6065900D687A2 /* Challenges.storyboard in Resources */,
				259C87B920AD72330036C2AD /* LaunchScreen.storyboard in Resources */,
				259C87B620AD72330036C2AD /* Assets.xcassets in Resources */,
				259C87B420AD72320036C2AD /* Main.storyboard in Resources */,
			);
			runOnlyForDeploymentPostprocessing = 0;
		};
		259C87BD20AD72330036C2AD /* Resources */ = {
			isa = PBXResourcesBuildPhase;
			buildActionMask = 2147483647;
			files = (
			);
			runOnlyForDeploymentPostprocessing = 0;
		};
		259C87C820AD72330036C2AD /* Resources */ = {
			isa = PBXResourcesBuildPhase;
			buildActionMask = 2147483647;
			files = (
			);
			runOnlyForDeploymentPostprocessing = 0;
		};
/* End PBXResourcesBuildPhase section */

/* Begin PBXShellScriptBuildPhase section */
		23145FA92C71EE5048EEF9A8 /* [CP] Check Pods Manifest.lock */ = {
			isa = PBXShellScriptBuildPhase;
			buildActionMask = 2147483647;
			files = (
			);
			inputPaths = (
				"${PODS_PODFILE_DIR_PATH}/Podfile.lock",
				"${PODS_ROOT}/Manifest.lock",
			);
			name = "[CP] Check Pods Manifest.lock";
			outputPaths = (
				"$(DERIVED_FILE_DIR)/Pods-AppHeti-cUITests-checkManifestLockResult.txt",
			);
			runOnlyForDeploymentPostprocessing = 0;
			shellPath = /bin/sh;
			shellScript = "diff \"${PODS_PODFILE_DIR_PATH}/Podfile.lock\" \"${PODS_ROOT}/Manifest.lock\" > /dev/null\nif [ $? != 0 ] ; then\n    # print error to STDERR\n    echo \"error: The sandbox is not in sync with the Podfile.lock. Run 'pod install' or update your CocoaPods installation.\" >&2\n    exit 1\nfi\n# This output is used by Xcode 'outputs' to avoid re-running this script phase.\necho \"SUCCESS\" > \"${SCRIPT_OUTPUT_FILE_0}\"\n";
			showEnvVarsInLog = 0;
		};
		66E5A25E7340684218F46914 /* [CP] Check Pods Manifest.lock */ = {
			isa = PBXShellScriptBuildPhase;
			buildActionMask = 2147483647;
			files = (
			);
			inputPaths = (
				"${PODS_PODFILE_DIR_PATH}/Podfile.lock",
				"${PODS_ROOT}/Manifest.lock",
			);
			name = "[CP] Check Pods Manifest.lock";
			outputPaths = (
				"$(DERIVED_FILE_DIR)/Pods-AppHeti-c-checkManifestLockResult.txt",
			);
			runOnlyForDeploymentPostprocessing = 0;
			shellPath = /bin/sh;
			shellScript = "diff \"${PODS_PODFILE_DIR_PATH}/Podfile.lock\" \"${PODS_ROOT}/Manifest.lock\" > /dev/null\nif [ $? != 0 ] ; then\n    # print error to STDERR\n    echo \"error: The sandbox is not in sync with the Podfile.lock. Run 'pod install' or update your CocoaPods installation.\" >&2\n    exit 1\nfi\n# This output is used by Xcode 'outputs' to avoid re-running this script phase.\necho \"SUCCESS\" > \"${SCRIPT_OUTPUT_FILE_0}\"\n";
			showEnvVarsInLog = 0;
		};
		BA2371A84EFE0EF818F1DE6E /* [CP] Check Pods Manifest.lock */ = {
			isa = PBXShellScriptBuildPhase;
			buildActionMask = 2147483647;
			files = (
			);
			inputPaths = (
				"${PODS_PODFILE_DIR_PATH}/Podfile.lock",
				"${PODS_ROOT}/Manifest.lock",
			);
			name = "[CP] Check Pods Manifest.lock";
			outputPaths = (
				"$(DERIVED_FILE_DIR)/Pods-AppHeti-cTests-checkManifestLockResult.txt",
			);
			runOnlyForDeploymentPostprocessing = 0;
			shellPath = /bin/sh;
			shellScript = "diff \"${PODS_PODFILE_DIR_PATH}/Podfile.lock\" \"${PODS_ROOT}/Manifest.lock\" > /dev/null\nif [ $? != 0 ] ; then\n    # print error to STDERR\n    echo \"error: The sandbox is not in sync with the Podfile.lock. Run 'pod install' or update your CocoaPods installation.\" >&2\n    exit 1\nfi\n# This output is used by Xcode 'outputs' to avoid re-running this script phase.\necho \"SUCCESS\" > \"${SCRIPT_OUTPUT_FILE_0}\"\n";
			showEnvVarsInLog = 0;
		};
		C84925575F536D284138D3C7 /* [CP] Embed Pods Frameworks */ = {
			isa = PBXShellScriptBuildPhase;
			buildActionMask = 2147483647;
			files = (
			);
			inputPaths = (
				"${SRCROOT}/Pods/Target Support Files/Pods-AppHeti-c/Pods-AppHeti-c-frameworks.sh",
				"${BUILT_PRODUCTS_DIR}/paper-onboarding/paper_onboarding.framework",
			);
			name = "[CP] Embed Pods Frameworks";
			outputPaths = (
				"${TARGET_BUILD_DIR}/${FRAMEWORKS_FOLDER_PATH}/paper_onboarding.framework",
			);
			runOnlyForDeploymentPostprocessing = 0;
			shellPath = /bin/sh;
			shellScript = "\"${SRCROOT}/Pods/Target Support Files/Pods-AppHeti-c/Pods-AppHeti-c-frameworks.sh\"\n";
			showEnvVarsInLog = 0;
		};
/* End PBXShellScriptBuildPhase section */

/* Begin PBXSourcesBuildPhase section */
		259C87A720AD72320036C2AD /* Sources */ = {
			isa = PBXSourcesBuildPhase;
			buildActionMask = 2147483647;
			files = (
				2518392020B1E2F8006B6789 /* CustomTableViewCell.swift in Sources */,
				2521286320B77243007FAB53 /* AppProgressView.swift in Sources */,
				254CBB4620AE2F4300047F1B /* MoviesTableViewController.swift in Sources */,
				25B00CB120AE402400058742 /* NextViewController.swift in Sources */,
				259C87B120AD72320036C2AD /* ViewController.swift in Sources */,
				25B05A5320B4D2440091BA1B /* CustomHeaderView.swift in Sources */,
				25B05A4F20B4BA500091BA1B /* StickyHeaderLayout.swift in Sources */,
				2537FC9920B6071E00D687A2 /* ConnexionViewController.swift in Sources */,
				254CBB4820AE33A600047F1B /* MoviesTableViewCell.swift in Sources */,
				2518391E20B1E10F006B6789 /* TableExampleViewController.swift in Sources */,
				2521286120B752A3007FAB53 /* AppButton.swift in Sources */,
				259C87AF20AD72320036C2AD /* AppDelegate.swift in Sources */,
				2537FC9B20B608D900D687A2 /* ChallengesListViewController.swift in Sources */,
				25B05A4C20B4B83C0091BA1B /* AnimationViewController.swift in Sources */,
				259C881720AD8E2A0036C2AD /* HomeViewController.swift in Sources */,
				25CFB47620B06DE7009D96CB /* OnBoardViewController.swift in Sources */,
			);
			runOnlyForDeploymentPostprocessing = 0;
		};
		259C87BB20AD72330036C2AD /* Sources */ = {
			isa = PBXSourcesBuildPhase;
			buildActionMask = 2147483647;
			files = (
				259C87C420AD72330036C2AD /* AppHeti_cTests.swift in Sources */,
			);
			runOnlyForDeploymentPostprocessing = 0;
		};
		259C87C620AD72330036C2AD /* Sources */ = {
			isa = PBXSourcesBuildPhase;
			buildActionMask = 2147483647;
			files = (
				259C87CF20AD72340036C2AD /* AppHeti_cUITests.swift in Sources */,
			);
			runOnlyForDeploymentPostprocessing = 0;
		};
/* End PBXSourcesBuildPhase section */

/* Begin PBXTargetDependency section */
		259C87C120AD72330036C2AD /* PBXTargetDependency */ = {
			isa = PBXTargetDependency;
			target = 259C87AA20AD72320036C2AD /* AppHeti-c */;
			targetProxy = 259C87C020AD72330036C2AD /* PBXContainerItemProxy */;
		};
		259C87CC20AD72330036C2AD /* PBXTargetDependency */ = {
			isa = PBXTargetDependency;
			target = 259C87AA20AD72320036C2AD /* AppHeti-c */;
			targetProxy = 259C87CB20AD72330036C2AD /* PBXContainerItemProxy */;
		};
/* End PBXTargetDependency section */

/* Begin PBXVariantGroup section */
		259C87B220AD72320036C2AD /* Main.storyboard */ = {
			isa = PBXVariantGroup;
			children = (
				259C87B320AD72320036C2AD /* Base */,
			);
			name = Main.storyboard;
			sourceTree = "<group>";
		};
		259C87B720AD72330036C2AD /* LaunchScreen.storyboard */ = {
			isa = PBXVariantGroup;
			children = (
				259C87B820AD72330036C2AD /* Base */,
			);
			name = LaunchScreen.storyboard;
			sourceTree = "<group>";
		};
/* End PBXVariantGroup section */

/* Begin XCBuildConfiguration section */
		259C87D120AD72340036C2AD /* Debug */ = {
			isa = XCBuildConfiguration;
			buildSettings = {
				ALWAYS_SEARCH_USER_PATHS = NO;
				CLANG_ANALYZER_NONNULL = YES;
				CLANG_ANALYZER_NUMBER_OBJECT_CONVERSION = YES_AGGRESSIVE;
				CLANG_CXX_LANGUAGE_STANDARD = "gnu++14";
				CLANG_CXX_LIBRARY = "libc++";
				CLANG_ENABLE_MODULES = YES;
				CLANG_ENABLE_OBJC_ARC = YES;
				CLANG_ENABLE_OBJC_WEAK = YES;
				CLANG_WARN_BLOCK_CAPTURE_AUTORELEASING = YES;
				CLANG_WARN_BOOL_CONVERSION = YES;
				CLANG_WARN_COMMA = YES;
				CLANG_WARN_CONSTANT_CONVERSION = YES;
				CLANG_WARN_DEPRECATED_OBJC_IMPLEMENTATIONS = YES;
				CLANG_WARN_DIRECT_OBJC_ISA_USAGE = YES_ERROR;
				CLANG_WARN_DOCUMENTATION_COMMENTS = YES;
				CLANG_WARN_EMPTY_BODY = YES;
				CLANG_WARN_ENUM_CONVERSION = YES;
				CLANG_WARN_INFINITE_RECURSION = YES;
				CLANG_WARN_INT_CONVERSION = YES;
				CLANG_WARN_NON_LITERAL_NULL_CONVERSION = YES;
				CLANG_WARN_OBJC_IMPLICIT_RETAIN_SELF = YES;
				CLANG_WARN_OBJC_LITERAL_CONVERSION = YES;
				CLANG_WARN_OBJC_ROOT_CLASS = YES_ERROR;
				CLANG_WARN_RANGE_LOOP_ANALYSIS = YES;
				CLANG_WARN_STRICT_PROTOTYPES = YES;
				CLANG_WARN_SUSPICIOUS_MOVE = YES;
				CLANG_WARN_UNGUARDED_AVAILABILITY = YES_AGGRESSIVE;
				CLANG_WARN_UNREACHABLE_CODE = YES;
				CLANG_WARN__DUPLICATE_METHOD_MATCH = YES;
				CODE_SIGN_IDENTITY = "iPhone Developer";
				COPY_PHASE_STRIP = NO;
				DEBUG_INFORMATION_FORMAT = dwarf;
				ENABLE_STRICT_OBJC_MSGSEND = YES;
				ENABLE_TESTABILITY = YES;
				GCC_C_LANGUAGE_STANDARD = gnu11;
				GCC_DYNAMIC_NO_PIC = NO;
				GCC_NO_COMMON_BLOCKS = YES;
				GCC_OPTIMIZATION_LEVEL = 0;
				GCC_PREPROCESSOR_DEFINITIONS = (
					"DEBUG=1",
					"$(inherited)",
				);
				GCC_WARN_64_TO_32_BIT_CONVERSION = YES;
				GCC_WARN_ABOUT_RETURN_TYPE = YES_ERROR;
				GCC_WARN_UNDECLARED_SELECTOR = YES;
				GCC_WARN_UNINITIALIZED_AUTOS = YES_AGGRESSIVE;
				GCC_WARN_UNUSED_FUNCTION = YES;
				GCC_WARN_UNUSED_VARIABLE = YES;
				IPHONEOS_DEPLOYMENT_TARGET = 11.3;
				MTL_ENABLE_DEBUG_INFO = YES;
				ONLY_ACTIVE_ARCH = YES;
				SDKROOT = iphoneos;
				SWIFT_ACTIVE_COMPILATION_CONDITIONS = DEBUG;
				SWIFT_OPTIMIZATION_LEVEL = "-Onone";
			};
			name = Debug;
		};
		259C87D220AD72340036C2AD /* Release */ = {
			isa = XCBuildConfiguration;
			buildSettings = {
				ALWAYS_SEARCH_USER_PATHS = NO;
				CLANG_ANALYZER_NONNULL = YES;
				CLANG_ANALYZER_NUMBER_OBJECT_CONVERSION = YES_AGGRESSIVE;
				CLANG_CXX_LANGUAGE_STANDARD = "gnu++14";
				CLANG_CXX_LIBRARY = "libc++";
				CLANG_ENABLE_MODULES = YES;
				CLANG_ENABLE_OBJC_ARC = YES;
				CLANG_ENABLE_OBJC_WEAK = YES;
				CLANG_WARN_BLOCK_CAPTURE_AUTORELEASING = YES;
				CLANG_WARN_BOOL_CONVERSION = YES;
				CLANG_WARN_COMMA = YES;
				CLANG_WARN_CONSTANT_CONVERSION = YES;
				CLANG_WARN_DEPRECATED_OBJC_IMPLEMENTATIONS = YES;
				CLANG_WARN_DIRECT_OBJC_ISA_USAGE = YES_ERROR;
				CLANG_WARN_DOCUMENTATION_COMMENTS = YES;
				CLANG_WARN_EMPTY_BODY = YES;
				CLANG_WARN_ENUM_CONVERSION = YES;
				CLANG_WARN_INFINITE_RECURSION = YES;
				CLANG_WARN_INT_CONVERSION = YES;
				CLANG_WARN_NON_LITERAL_NULL_CONVERSION = YES;
				CLANG_WARN_OBJC_IMPLICIT_RETAIN_SELF = YES;
				CLANG_WARN_OBJC_LITERAL_CONVERSION = YES;
				CLANG_WARN_OBJC_ROOT_CLASS = YES_ERROR;
				CLANG_WARN_RANGE_LOOP_ANALYSIS = YES;
				CLANG_WARN_STRICT_PROTOTYPES = YES;
				CLANG_WARN_SUSPICIOUS_MOVE = YES;
				CLANG_WARN_UNGUARDED_AVAILABILITY = YES_AGGRESSIVE;
				CLANG_WARN_UNREACHABLE_CODE = YES;
				CLANG_WARN__DUPLICATE_METHOD_MATCH = YES;
				CODE_SIGN_IDENTITY = "iPhone Developer";
				COPY_PHASE_STRIP = NO;
				DEBUG_INFORMATION_FORMAT = "dwarf-with-dsym";
				ENABLE_NS_ASSERTIONS = NO;
				ENABLE_STRICT_OBJC_MSGSEND = YES;
				GCC_C_LANGUAGE_STANDARD = gnu11;
				GCC_NO_COMMON_BLOCKS = YES;
				GCC_WARN_64_TO_32_BIT_CONVERSION = YES;
				GCC_WARN_ABOUT_RETURN_TYPE = YES_ERROR;
				GCC_WARN_UNDECLARED_SELECTOR = YES;
				GCC_WARN_UNINITIALIZED_AUTOS = YES_AGGRESSIVE;
				GCC_WARN_UNUSED_FUNCTION = YES;
				GCC_WARN_UNUSED_VARIABLE = YES;
				IPHONEOS_DEPLOYMENT_TARGET = 11.3;
				MTL_ENABLE_DEBUG_INFO = NO;
				SDKROOT = iphoneos;
				SWIFT_COMPILATION_MODE = wholemodule;
				SWIFT_OPTIMIZATION_LEVEL = "-O";
				VALIDATE_PRODUCT = YES;
			};
			name = Release;
		};
		259C87D420AD72340036C2AD /* Debug */ = {
			isa = XCBuildConfiguration;
			baseConfigurationReference = E36A3076090888432793AC50 /* Pods-AppHeti-c.debug.xcconfig */;
			buildSettings = {
				ASSETCATALOG_COMPILER_APPICON_NAME = AppIcon;
				CODE_SIGN_STYLE = Automatic;
				DEVELOPMENT_TEAM = 7ZYWN89QZM;
				INFOPLIST_FILE = "AppHeti-c/Info.plist";
				LD_RUNPATH_SEARCH_PATHS = (
					"$(inherited)",
					"@executable_path/Frameworks",
				);
				PRODUCT_BUNDLE_IDENTIFIER = "renanbronchart.AppHeti-c";
				PRODUCT_NAME = "$(TARGET_NAME)";
				SWIFT_VERSION = 4.0;
				TARGETED_DEVICE_FAMILY = "1,2";
			};
			name = Debug;
		};
		259C87D520AD72340036C2AD /* Release */ = {
			isa = XCBuildConfiguration;
			baseConfigurationReference = 35D1871DFCA4FBE24B116F1A /* Pods-AppHeti-c.release.xcconfig */;
			buildSettings = {
				ASSETCATALOG_COMPILER_APPICON_NAME = AppIcon;
				CODE_SIGN_STYLE = Automatic;
				DEVELOPMENT_TEAM = 7ZYWN89QZM;
				INFOPLIST_FILE = "AppHeti-c/Info.plist";
				LD_RUNPATH_SEARCH_PATHS = (
					"$(inherited)",
					"@executable_path/Frameworks",
				);
				PRODUCT_BUNDLE_IDENTIFIER = "renanbronchart.AppHeti-c";
				PRODUCT_NAME = "$(TARGET_NAME)";
				SWIFT_VERSION = 4.0;
				TARGETED_DEVICE_FAMILY = "1,2";
			};
			name = Release;
		};
		259C87D720AD72340036C2AD /* Debug */ = {
			isa = XCBuildConfiguration;
			baseConfigurationReference = A56DACDC4D0C5CA57BF89AAD /* Pods-AppHeti-cTests.debug.xcconfig */;
			buildSettings = {
				ALWAYS_EMBED_SWIFT_STANDARD_LIBRARIES = YES;
				BUNDLE_LOADER = "$(TEST_HOST)";
				CODE_SIGN_STYLE = Automatic;
				DEVELOPMENT_TEAM = 7ZYWN89QZM;
				INFOPLIST_FILE = "AppHeti-cTests/Info.plist";
				LD_RUNPATH_SEARCH_PATHS = (
					"$(inherited)",
					"@executable_path/Frameworks",
					"@loader_path/Frameworks",
				);
				PRODUCT_BUNDLE_IDENTIFIER = "renanbronchart.AppHeti-cTests";
				PRODUCT_NAME = "$(TARGET_NAME)";
				SWIFT_VERSION = 4.0;
				TARGETED_DEVICE_FAMILY = "1,2";
				TEST_HOST = "$(BUILT_PRODUCTS_DIR)/AppHeti-c.app/AppHeti-c";
			};
			name = Debug;
		};
		259C87D820AD72340036C2AD /* Release */ = {
			isa = XCBuildConfiguration;
			baseConfigurationReference = F14B759721C497CC2440F2F4 /* Pods-AppHeti-cTests.release.xcconfig */;
			buildSettings = {
				ALWAYS_EMBED_SWIFT_STANDARD_LIBRARIES = YES;
				BUNDLE_LOADER = "$(TEST_HOST)";
				CODE_SIGN_STYLE = Automatic;
				DEVELOPMENT_TEAM = 7ZYWN89QZM;
				INFOPLIST_FILE = "AppHeti-cTests/Info.plist";
				LD_RUNPATH_SEARCH_PATHS = (
					"$(inherited)",
					"@executable_path/Frameworks",
					"@loader_path/Frameworks",
				);
				PRODUCT_BUNDLE_IDENTIFIER = "renanbronchart.AppHeti-cTests";
				PRODUCT_NAME = "$(TARGET_NAME)";
				SWIFT_VERSION = 4.0;
				TARGETED_DEVICE_FAMILY = "1,2";
				TEST_HOST = "$(BUILT_PRODUCTS_DIR)/AppHeti-c.app/AppHeti-c";
			};
			name = Release;
		};
		259C87DA20AD72340036C2AD /* Debug */ = {
			isa = XCBuildConfiguration;
			baseConfigurationReference = D09F5CEA9A1A7F0A50855C20 /* Pods-AppHeti-cUITests.debug.xcconfig */;
			buildSettings = {
				ALWAYS_EMBED_SWIFT_STANDARD_LIBRARIES = YES;
				CODE_SIGN_STYLE = Automatic;
				DEVELOPMENT_TEAM = 7ZYWN89QZM;
				INFOPLIST_FILE = "AppHeti-cUITests/Info.plist";
				LD_RUNPATH_SEARCH_PATHS = (
					"$(inherited)",
					"@executable_path/Frameworks",
					"@loader_path/Frameworks",
				);
				PRODUCT_BUNDLE_IDENTIFIER = "renanbronchart.AppHeti-cUITests";
				PRODUCT_NAME = "$(TARGET_NAME)";
				SWIFT_VERSION = 4.0;
				TARGETED_DEVICE_FAMILY = "1,2";
				TEST_TARGET_NAME = "AppHeti-c";
			};
			name = Debug;
		};
		259C87DB20AD72340036C2AD /* Release */ = {
			isa = XCBuildConfiguration;
			baseConfigurationReference = 677BA79CE6585485CD217AE9 /* Pods-AppHeti-cUITests.release.xcconfig */;
			buildSettings = {
				ALWAYS_EMBED_SWIFT_STANDARD_LIBRARIES = YES;
				CODE_SIGN_STYLE = Automatic;
				DEVELOPMENT_TEAM = 7ZYWN89QZM;
				INFOPLIST_FILE = "AppHeti-cUITests/Info.plist";
				LD_RUNPATH_SEARCH_PATHS = (
					"$(inherited)",
					"@executable_path/Frameworks",
					"@loader_path/Frameworks",
				);
				PRODUCT_BUNDLE_IDENTIFIER = "renanbronchart.AppHeti-cUITests";
				PRODUCT_NAME = "$(TARGET_NAME)";
				SWIFT_VERSION = 4.0;
				TARGETED_DEVICE_FAMILY = "1,2";
				TEST_TARGET_NAME = "AppHeti-c";
			};
			name = Release;
		};
/* End XCBuildConfiguration section */

/* Begin XCConfigurationList section */
		259C87A620AD72320036C2AD /* Build configuration list for PBXProject "AppHeti-c" */ = {
			isa = XCConfigurationList;
			buildConfigurations = (
				259C87D120AD72340036C2AD /* Debug */,
				259C87D220AD72340036C2AD /* Release */,
			);
			defaultConfigurationIsVisible = 0;
			defaultConfigurationName = Release;
		};
		259C87D320AD72340036C2AD /* Build configuration list for PBXNativeTarget "AppHeti-c" */ = {
			isa = XCConfigurationList;
			buildConfigurations = (
				259C87D420AD72340036C2AD /* Debug */,
				259C87D520AD72340036C2AD /* Release */,
			);
			defaultConfigurationIsVisible = 0;
			defaultConfigurationName = Release;
		};
		259C87D620AD72340036C2AD /* Build configuration list for PBXNativeTarget "AppHeti-cTests" */ = {
			isa = XCConfigurationList;
			buildConfigurations = (
				259C87D720AD72340036C2AD /* Debug */,
				259C87D820AD72340036C2AD /* Release */,
			);
			defaultConfigurationIsVisible = 0;
			defaultConfigurationName = Release;
		};
		259C87D920AD72340036C2AD /* Build configuration list for PBXNativeTarget "AppHeti-cUITests" */ = {
			isa = XCConfigurationList;
			buildConfigurations = (
				259C87DA20AD72340036C2AD /* Debug */,
				259C87DB20AD72340036C2AD /* Release */,
			);
			defaultConfigurationIsVisible = 0;
			defaultConfigurationName = Release;
		};
/* End XCConfigurationList section */
	};
	rootObject = 259C87A320AD72320036C2AD /* Project object */;
}
